
Microsoft Visual Studio Solution File, Format Version 12.00
# Visual Studio Version 17
VisualStudioVersion = 17.10.35122.118
MinimumVisualStudioVersion = 10.0.40219.1
Project("{FAE04EC0-301F-11D3-BF4B-00C04F79EFBC}") = "Web", "TpiProgramacion3\Web.csproj", "{61985490-42BE-4A8F-BBA6-B911F8B345AA}"
EndProject
Project("{FAE04EC0-301F-11D3-BF4B-00C04F79EFBC}") = "Application", "Application\Application.csproj", "{C4044F21-EAE3-479A-B8FF-967D8C224B73}"
EndProject
Project("{FAE04EC0-301F-11D3-BF4B-00C04F79EFBC}") = "Domain", "Domain\Domain.csproj", "{EE6295D7-232F-48B7-BBD5-442BAB67B5C7}"
EndProject
Project("{FAE04EC0-301F-11D3-BF4B-00C04F79EFBC}") = "Infrastructure", "Infrastructure\Infrastructure.csproj", "{0C9DF690-FE3E-492C-A43B-14E885BD0511}"
EndProject
Global
	GlobalSection(SolutionConfigurationPlatforms) = preSolution
		Debug|Any CPU = Debug|Any CPU
		Release|Any CPU = Release|Any CPU
	EndGlobalSection
	GlobalSection(ProjectConfigurationPlatforms) = postSolution
		{61985490-42BE-4A8F-BBA6-B911F8B345AA}.Debug|Any CPU.ActiveCfg = Debug|Any CPU
		{61985490-42BE-4A8F-BBA6-B911F8B345AA}.Debug|Any CPU.Build.0 = Debug|Any CPU
		{61985490-42BE-4A8F-BBA6-B911F8B345AA}.Release|Any CPU.ActiveCfg = Release|Any CPU
		{61985490-42BE-4A8F-BBA6-B911F8B345AA}.Release|Any CPU.Build.0 = Release|Any CPU
		{C4044F21-EAE3-479A-B8FF-967D8C224B73}.Debug|Any CPU.ActiveCfg = Debug|Any CPU
		{C4044F21-EAE3-479A-B8FF-967D8C224B73}.Debug|Any CPU.Build.0 = Debug|Any CPU
		{C4044F21-EAE3-479A-B8FF-967D8C224B73}.Release|Any CPU.ActiveCfg = Release|Any CPU
		{C4044F21-EAE3-479A-B8FF-967D8C224B73}.Release|Any CPU.Build.0 = Release|Any CPU
		{EE6295D7-232F-48B7-BBD5-442BAB67B5C7}.Debug|Any CPU.ActiveCfg = Debug|Any CPU
		{EE6295D7-232F-48B7-BBD5-442BAB67B5C7}.Debug|Any CPU.Build.0 = Debug|Any CPU
		{EE6295D7-232F-48B7-BBD5-442BAB67B5C7}.Release|Any CPU.ActiveCfg = Release|Any CPU
		{EE6295D7-232F-48B7-BBD5-442BAB67B5C7}.Release|Any CPU.Build.0 = Release|Any CPU
		{0C9DF690-FE3E-492C-A43B-14E885BD0511}.Debug|Any CPU.ActiveCfg = Debug|Any CPU
		{0C9DF690-FE3E-492C-A43B-14E885BD0511}.Debug|Any CPU.Build.0 = Debug|Any CPU
		{0C9DF690-FE3E-492C-A43B-14E885BD0511}.Release|Any CPU.ActiveCfg = Release|Any CPU
		{0C9DF690-FE3E-492C-A43B-14E885BD0511}.Release|Any CPU.Build.0 = Release|Any CPU
	EndGlobalSection
	GlobalSection(SolutionProperties) = preSolution
		HideSolutionNode = FALSE
	EndGlobalSection
	GlobalSection(ExtensibilityGlobals) = postSolution
		SolutionGuid = {2D490E92-CB5E-4604-925C-C83BA9840F3C}
	EndGlobalSection
EndGlobal
